{
  "name": "express",
  "lockfileVersion": 3,
  "requires": true,
  "packages": {
    "": {
      "dependencies": {
        "@types/react-speech-recognition": "^3.9.6",
        "speech-to-text": "^2.9.1"
      }
    },
    "node_modules/@types/dom-speech-recognition": {
      "version": "0.0.4",
      "resolved": "https://registry.npmjs.org/@types/dom-speech-recognition/-/dom-speech-recognition-0.0.4.tgz",
      "integrity": "sha512-zf2GwV/G6TdaLwpLDcGTIkHnXf8JEf/viMux+khqKQKDa8/8BAUtXXZS563GnvJ4Fg0PBLGAaFf2GekEVSZ6GQ==",
      "license": "MIT"
    },
    "node_modules/@types/react-speech-recognition": {
      "version": "3.9.6",
      "resolved": "https://registry.npmjs.org/@types/react-speech-recognition/-/react-speech-recognition-3.9.6.tgz",
      "integrity": "sha512-cdzwXIZXWyp8zfM2XI7APDW1rZf4Nz73T4SIS2y+cC7zHnZluCdumYKH6HacxgxJH+zemAq2oXbHWXcyW0eT3A==",
      "license": "MIT",
      "dependencies": {
        "@types/dom-speech-recognition": "*"
      }
    },
    "node_modules/speech-to-text": {
      "version": "2.9.1",
      "resolved": "https://registry.npmjs.org/speech-to-text/-/speech-to-text-2.9.1.tgz",
      "integrity": "sha512-hU+AEw4Aq8ixVu046vTMihkpXVNCpKzlUruOD+rcenoD8llEVqpOZq7rRo2vY2Tdyn88JuKcHjL1+pG9Rx7kgQ==",
      "license": "MIT"
    }
  }
}
